// !$*UTF8*$!
{
	archiveVersion = 1;
	classes = {
	};
	objectVersion = 50;
	objects = {

/* Begin PBXBuildFile section */
		A83E1517266DDC9A002056CE /* ButtonsSampleApp.swift in Sources */ = {isa = PBXBuildFile; fileRef = A83E1516266DDC9A002056CE /* ButtonsSampleApp.swift */; };
		A83E1519266DDC9A002056CE /* ContentView.swift in Sources */ = {isa = PBXBuildFile; fileRef = A83E1518266DDC9A002056CE /* ContentView.swift */; };
		A83E151B266DDC9B002056CE /* Assets.xcassets in Resources */ = {isa = PBXBuildFile; fileRef = A83E151A266DDC9B002056CE /* Assets.xcassets */; };
		A83E151E266DDC9B002056CE /* Preview Assets.xcassets in Resources */ = {isa = PBXBuildFile; fileRef = A83E151D266DDC9B002056CE /* Preview Assets.xcassets */; };
		A83E1527266DDCB3002056CE /* RoundedButtonStyle.swift in Sources */ = {isa = PBXBuildFile; fileRef = A83E1526266DDCB3002056CE /* RoundedButtonStyle.swift */; };
		A83E1529266DDD93002056CE /* CapsuleButtonStyle.swift in Sources */ = {isa = PBXBuildFile; fileRef = A83E1528266DDD93002056CE /* CapsuleButtonStyle.swift */; };
		A83E152B266DDE06002056CE /* BorderedRoundedButtonStyle.swift in Sources */ = {isa = PBXBuildFile; fileRef = A83E152A266DDE06002056CE /* BorderedRoundedButtonStyle.swift */; };
		A83E152D266DDED3002056CE /* BorderedCapsuleButtonStyle.swift in Sources */ = {isa = PBXBuildFile; fileRef = A83E152C266DDED3002056CE /* BorderedCapsuleButtonStyle.swift */; };
/* End PBXBuildFile section */

/* Begin PBXFileReference section */
		A83E1513266DDC9A002056CE /* ButtonsSample.app */ = {isa = PBXFileReference; explicitFileType = wrapper.application; includeInIndex = 0; path = ButtonsSample.app; sourceTree = BUILT_PRODUCTS_DIR; };
		A83E1516266DDC9A002056CE /* ButtonsSampleApp.swift */ = {isa = PBXFileReference; lastKnownFileType = sourcecode.swift; path = ButtonsSampleApp.swift; sourceTree = "<group>"; };
		A83E1518266DDC9A002056CE /* ContentView.swift */ = {isa = PBXFileReference; lastKnownFileType = sourcecode.swift; path = ContentView.swift; sourceTree = "<group>"; };
		A83E151A266DDC9B002056CE /* Assets.xcassets */ = {isa = PBXFileReference; lastKnownFileType = folder.assetcatalog; path = Assets.xcassets; sourceTree = "<group>"; };
		A83E151D266DDC9B002056CE /* Preview Assets.xcassets */ = {isa = PBXFileReference; lastKnownFileType = folder.assetcatalog; path = "Preview Assets.xcassets"; sourceTree = "<group>"; };
		A83E151F266DDC9B002056CE /* Info.plist */ = {isa = PBXFileReference; lastKnownFileType = text.plist.xml; path = Info.plist; sourceTree = "<group>"; };
		A83E1526266DDCB3002056CE /* RoundedButtonStyle.swift */ = {isa = PBXFileReference; lastKnownFileType = sourcecode.swift; path = RoundedButtonStyle.swift; sourceTree = "<group>"; };
		A83E1528266DDD93002056CE /* CapsuleButtonStyle.swift */ = {isa = PBXFileReference; lastKnownFileType = sourcecode.swift; path = CapsuleButtonStyle.swift; sourceTree = "<group>"; };
		A83E152A266DDE06002056CE /* BorderedRoundedButtonStyle.swift */ = {isa = PBXFileReference; lastKnownFileType = sourcecode.swift; path = BorderedRoundedButtonStyle.swift; sourceTree = "<group>"; };
		A83E152C266DDED3002056CE /* BorderedCapsuleButtonStyle.swift */ = {isa = PBXFileReference; lastKnownFileType = sourcecode.swift; path = BorderedCapsuleButtonStyle.swift; sourceTree = "<group>"; };
/* End PBXFileReference section */

/* Begin PBXFrameworksBuildPhase section */
		A83E1510266DDC9A002056CE /* Frameworks */ = {
			isa = PBXFrameworksBuildPhase;
			buildActionMask = 2147483647;
			files = (
			);
			runOnlyForDeploymentPostprocessing = 0;
		};
/* End PBXFrameworksBuildPhase section */

/* Begin PBXGroup section */
		A83E150A266DDC9A002056CE = {
			isa = PBXGroup;
			children = (
				A83E1515266DDC9A002056CE /* ButtonsSample */,
				A83E1514266DDC9A002056CE /* Products */,
			);
			sourceTree = "<group>";
		};
		A83E1514266DDC9A002056CE /* Products */ = {
			isa = PBXGroup;
			children = (
				A83E1513266DDC9A002056CE /* ButtonsSample.app */,
			);
			name = Products;
			sourceTree = "<group>";
		};
		A83E1515266DDC9A002056CE /* ButtonsSample */ = {
			isa = PBXGroup;
			children = (
				A83E1516266DDC9A002056CE /* ButtonsSampleApp.swift */,
				A83E1518266DDC9A002056CE /* ContentView.swift */,
				A83E1525266DDCA5002056CE /* Button */,
				A83E151A266DDC9B002056CE /* Assets.xcassets */,
				A83E151F266DDC9B002056CE /* Info.plist */,
				A83E151C266DDC9B002056CE /* Preview Content */,
			);
			path = ButtonsSample;
			sourceTree = "<group>";
		};
		A83E151C266DDC9B002056CE /* Preview Content */ = {
			isa = PBXGroup;
			children = (
				A83E151D266DDC9B002056CE /* Preview Assets.xcassets */,
			);
			path = "Preview Content";
			sourceTree = "<group>";
		};
		A83E1525266DDCA5002056CE /* Button */ = {
			isa = PBXGroup;
			children = (
				A83E1526266DDCB3002056CE /* RoundedButtonStyle.swift */,
				A83E1528266DDD93002056CE /* CapsuleButtonStyle.swift */,
				A83E152A266DDE06002056CE /* BorderedRoundedButtonStyle.swift */,
				A83E152C266DDED3002056CE /* BorderedCapsuleButtonStyle.swift */,
			);
			path = Button;
			sourceTree = "<group>";
		};
/* End PBXGroup section */

/* Begin PBXNativeTarget section */
		A83E1512266DDC9A002056CE /* ButtonsSample */ = {
			isa = PBXNativeTarget;
			buildConfigurationList = A83E1522266DDC9B002056CE /* Build configuration list for PBXNativeTarget "ButtonsSample" */;
			buildPhases = (
				A83E150F266DDC9A002056CE /* Sources */,
				A83E1510266DDC9A002056CE /* Frameworks */,
				A83E1511266DDC9A002056CE /* Resources */,
			);
			buildRules = (
			);
			dependencies = (
			);
			name = ButtonsSample;
			productName = ButtonsSample;
			productReference = A83E1513266DDC9A002056CE /* ButtonsSample.app */;
			productType = "com.apple.product-type.application";
		};
/* End PBXNativeTarget section */

/* Begin PBXProject section */
		A83E150B266DDC9A002056CE /* Project object */ = {
			isa = PBXProject;
			attributes = {
				LastSwiftUpdateCheck = 1250;
				LastUpgradeCheck = 1250;
				TargetAttributes = {
					A83E1512266DDC9A002056CE = {
						CreatedOnToolsVersion = 12.5;
					};
				};
			};
			buildConfigurationList = A83E150E266DDC9A002056CE /* Build configuration list for PBXProject "ButtonsSample" */;
			compatibilityVersion = "Xcode 9.3";
			developmentRegion = en;
			hasScannedForEncodings = 0;
			knownRegions = (
				en,
				Base,
			);
			mainGroup = A83E150A266DDC9A002056CE;
			productRefGroup = A83E1514266DDC9A002056CE /* Products */;
			projectDirPath = "";
			projectRoot = "";
			targets = (
				A83E1512266DDC9A002056CE /* ButtonsSample */,
			);
		};
/* End PBXProject section */

/* Begin PBXResourcesBuildPhase section */
		A83E1511266DDC9A002056CE /* Resources */ = {
			isa = PBXResourcesBuildPhase;
			buildActionMask = 2147483647;
			files = (
				A83E151E266DDC9B002056CE /* Preview Assets.xcassets in Resources */,
				A83E151B266DDC9B002056CE /* Assets.xcassets in Resources */,
			);
			runOnlyForDeploymentPostprocessing = 0;
		};
/* End PBXResourcesBuildPhase section */

/* Begin PBXSourcesBuildPhase section */
		A83E150F266DDC9A002056CE /* Sources */ = {
			isa = PBXSourcesBuildPhase;
			buildActionMask = 2147483647;
			files = (
				A83E1519266DDC9A002056CE /* ContentView.swift in Sources */,
				A83E152B266DDE06002056CE /* BorderedRoundedButtonStyle.swift in Sources */,
				A83E152D266DDED3002056CE /* BorderedCapsuleButtonStyle.swift in Sources */,
				A83E1529266DDD93002056CE /* CapsuleButtonStyle.swift in Sources */,
				A83E1517266DDC9A002056CE /* ButtonsSampleApp.swift in Sources */,
				A83E1527266DDCB3002056CE /* RoundedButtonStyle.swift in Sources */,
			);
			runOnlyForDeploymentPostprocessing = 0;
		};
/* End PBXSourcesBuildPhase section */

/* Begin XCBuildConfiguration section */
		A83E1520266DDC9B002056CE /* Debug */ = {
			isa = XCBuildConfiguration;
			buildSettings = {
				ALWAYS_SEARCH_USER_PATHS = NO;
				CLANG_ANALYZER_NONNULL = YES;
				CLANG_ANALYZER_NUMBER_OBJECT_CONVERSION = YES_AGGRESSIVE;
				CLANG_CXX_LANGUAGE_STANDARD = "gnu++14";
				CLANG_CXX_LIBRARY = "libc++";
				CLANG_ENABLE_MODULES = YES;
				CLANG_ENABLE_OBJC_ARC = YES;
				CLANG_ENABLE_OBJC_WEAK = YES;
				CLANG_WARN_BLOCK_CAPTURE_AUTORELEASING = YES;
				CLANG_WARN_BOOL_CONVERSION = YES;
				CLANG_WARN_COMMA = YES;
				CLANG_WARN_CONSTANT_CONVERSION = YES;
				CLANG_WARN_DEPRECATED_OBJC_IMPLEMENTATIONS = YES;
				CLANG_WARN_DIRECT_OBJC_ISA_USAGE = YES_ERROR;
				CLANG_WARN_DOCUMENTATION_COMMENTS = YES;
				CLANG_WARN_EMPTY_BODY = YES;
				CLANG_WARN_ENUM_CONVERSION = YES;
				CLANG_WARN_INFINITE_RECURSION = YES;
				CLANG_WARN_INT_CONVERSION = YES;
				CLANG_WARN_NON_LITERAL_NULL_CONVERSION = YES;
				CLANG_WARN_OBJC_IMPLICIT_RETAIN_SELF = YES;
				CLANG_WARN_OBJC_LITERAL_CONVERSION = YES;
				CLANG_WARN_OBJC_ROOT_CLASS = YES_ERROR;
				CLANG_WARN_QUOTED_INCLUDE_IN_FRAMEWORK_HEADER = YES;
				CLANG_WARN_RANGE_LOOP_ANALYSIS = YES;
				CLANG_WARN_STRICT_PROTOTYPES = YES;
				CLANG_WARN_SUSPICIOUS_MOVE = YES;
				CLANG_WARN_UNGUARDED_AVAILABILITY = YES_AGGRESSIVE;
				CLANG_WARN_UNREACHABLE_CODE = YES;
				CLANG_WARN__DUPLICATE_METHOD_MATCH = YES;
				COPY_PHASE_STRIP = NO;
				DEBUG_INFORMATION_FORMAT = dwarf;
				ENABLE_STRICT_OBJC_MSGSEND = YES;
				ENABLE_TESTABILITY = YES;
				GCC_C_LANGUAGE_STANDARD = gnu11;
				GCC_DYNAMIC_NO_PIC = NO;
				GCC_NO_COMMON_BLOCKS = YES;
				GCC_OPTIMIZATION_LEVEL = 0;
				GCC_PREPROCESSOR_DEFINITIONS = (
					"DEBUG=1",
					"$(inherited)",
				);
				GCC_WARN_64_TO_32_BIT_CONVERSION = YES;
				GCC_WARN_ABOUT_RETURN_TYPE = YES_ERROR;
				GCC_WARN_UNDECLARED_SELECTOR = YES;
				GCC_WARN_UNINITIALIZED_AUTOS = YES_AGGRESSIVE;
				GCC_WARN_UNUSED_FUNCTION = YES;
				GCC_WARN_UNUSED_VARIABLE = YES;
				IPHONEOS_DEPLOYMENT_TARGET = 14.5;
				MTL_ENABLE_DEBUG_INFO = INCLUDE_SOURCE;
				MTL_FAST_MATH = YES;
				ONLY_ACTIVE_ARCH = YES;
				SDKROOT = iphoneos;
				SWIFT_ACTIVE_COMPILATION_CONDITIONS = DEBUG;
				SWIFT_OPTIMIZATION_LEVEL = "-Onone";
			};
			name = Debug;
		};
		A83E1521266DDC9B002056CE /* Release */ = {
			isa = XCBuildConfiguration;
			buildSettings = {
				ALWAYS_SEARCH_USER_PATHS = NO;
				CLANG_ANALYZER_NONNULL = YES;
				CLANG_ANALYZER_NUMBER_OBJECT_CONVERSION = YES_AGGRESSIVE;
				CLANG_CXX_LANGUAGE_STANDARD = "gnu++14";
				CLANG_CXX_LIBRARY = "libc++";
				CLANG_ENABLE_MODULES = YES;
				CLANG_ENABLE_OBJC_ARC = YES;
				CLANG_ENABLE_OBJC_WEAK = YES;
				CLANG_WARN_BLOCK_CAPTURE_AUTORELEASING = YES;
				CLANG_WARN_BOOL_CONVERSION = YES;
				CLANG_WARN_COMMA = YES;
				CLANG_WARN_CONSTANT_CONVERSION = YES;
				CLANG_WARN_DEPRECATED_OBJC_IMPLEMENTATIONS = YES;
				CLANG_WARN_DIRECT_OBJC_ISA_USAGE = YES_ERROR;
				CLANG_WARN_DOCUMENTATION_COMMENTS = YES;
				CLANG_WARN_EMPTY_BODY = YES;
				CLANG_WARN_ENUM_CONVERSION = YES;
				CLANG_WARN_INFINITE_RECURSION = YES;
				CLANG_WARN_INT_CONVERSION = YES;
				CLANG_WARN_NON_LITERAL_NULL_CONVERSION = YES;
				CLANG_WARN_OBJC_IMPLICIT_RETAIN_SELF = YES;
				CLANG_WARN_OBJC_LITERAL_CONVERSION = YES;
				CLANG_WARN_OBJC_ROOT_CLASS = YES_ERROR;
				CLANG_WARN_QUOTED_INCLUDE_IN_FRAMEWORK_HEADER = YES;
				CLANG_WARN_RANGE_LOOP_ANALYSIS = YES;
				CLANG_WARN_STRICT_PROTOTYPES = YES;
				CLANG_WARN_SUSPICIOUS_MOVE = YES;
				CLANG_WARN_UNGUARDED_AVAILABILITY = YES_AGGRESSIVE;
				CLANG_WARN_UNREACHABLE_CODE = YES;
				CLANG_WARN__DUPLICATE_METHOD_MATCH = YES;
				COPY_PHASE_STRIP = NO;
				DEBUG_INFORMATION_FORMAT = "dwarf-with-dsym";
				ENABLE_NS_ASSERTIONS = NO;
				ENABLE_STRICT_OBJC_MSGSEND = YES;
				GCC_C_LANGUAGE_STANDARD = gnu11;
				GCC_NO_COMMON_BLOCKS = YES;
				GCC_WARN_64_TO_32_BIT_CONVERSION = YES;
				GCC_WARN_ABOUT_RETURN_TYPE = YES_ERROR;
				GCC_WARN_UNDECLARED_SELECTOR = YES;
				GCC_WARN_UNINITIALIZED_AUTOS = YES_AGGRESSIVE;
				GCC_WARN_UNUSED_FUNCTION = YES;
				GCC_WARN_UNUSED_VARIABLE = YES;
				IPHONEOS_DEPLOYMENT_TARGET = 14.5;
				MTL_ENABLE_DEBUG_INFO = NO;
				MTL_FAST_MATH = YES;
				SDKROOT = iphoneos;
				SWIFT_COMPILATION_MODE = wholemodule;
				SWIFT_OPTIMIZATION_LEVEL = "-O";
				VALIDATE_PRODUCT = YES;
			};
			name = Release;
		};
		A83E1523266DDC9B002056CE /* Debug */ = {
			isa = XCBuildConfiguration;
			buildSettings = {
				ASSETCATALOG_COMPILER_APPICON_NAME = AppIcon;
				ASSETCATALOG_COMPILER_GLOBAL_ACCENT_COLOR_NAME = AccentColor;
				CODE_SIGN_STYLE = Automatic;
				DEVELOPMENT_ASSET_PATHS = "\"ButtonsSample/Preview Content\"";
				ENABLE_PREVIEWS = YES;
				INFOPLIST_FILE = ButtonsSample/Info.plist;
				IPHONEOS_DEPLOYMENT_TARGET = 14.0;
				LD_RUNPATH_SEARCH_PATHS = (
					"$(inherited)",
					"@executable_path/Frameworks",
				);
				PRODUCT_BUNDLE_IDENTIFIER = biz.usk.ButtonsSample;
				PRODUCT_NAME = "$(TARGET_NAME)";
				SWIFT_VERSION = 5.0;
				TARGETED_DEVICE_FAMILY = "1,2";
			};
			name = Debug;
		};
		A83E1524266DDC9B002056CE /* Release */ = {
			isa = XCBuildConfiguration;
			buildSettings = {
				ASSETCATALOG_COMPILER_APPICON_NAME = AppIcon;
				ASSETCATALOG_COMPILER_GLOBAL_ACCENT_COLOR_NAME = AccentColor;
				CODE_SIGN_STYLE = Automatic;
				DEVELOPMENT_ASSET_PATHS = "\"ButtonsSample/Preview Content\"";
				ENABLE_PREVIEWS = YES;
				INFOPLIST_FILE = ButtonsSample/Info.plist;
				IPHONEOS_DEPLOYMENT_TARGET = 14.0;
				LD_RUNPATH_SEARCH_PATHS = (
					"$(inherited)",
					"@executable_path/Frameworks",
				);
				PRODUCT_BUNDLE_IDENTIFIER = biz.usk.ButtonsSample;
				PRODUCT_NAME = "$(TARGET_NAME)";
				SWIFT_VERSION = 5.0;
				TARGETED_DEVICE_FAMILY = "1,2";
			};
			name = Release;
		};
/* End XCBuildConfiguration section */

/* Begin XCConfigurationList section */
		A83E150E266DDC9A002056CE /* Build configuration list for PBXProject "ButtonsSample" */ = {
			isa = XCConfigurationList;
			buildConfigurations = (
				A83E1520266DDC9B002056CE /* Debug */,
				A83E1521266DDC9B002056CE /* Release */,
			);
			defaultConfigurationIsVisible = 0;
			defaultConfigurationName = Release;
		};
		A83E1522266DDC9B002056CE /* Build configuration list for PBXNativeTarget "ButtonsSample" */ = {
			isa = XCConfigurationList;
			buildConfigurations = (
				A83E1523266DDC9B002056CE /* Debug */,
				A83E1524266DDC9B002056CE /* Release */,
			);
			defaultConfigurationIsVisible = 0;
			defaultConfigurationName = Release;
		};
/* End XCConfigurationList section */
	};
	rootObject = A83E150B266DDC9A002056CE /* Project object */;
}
